
Microsoft Visual Studio Solution File, Format Version 12.00
# Visual Studio Version 17
VisualStudioVersion = 17.4.33403.182
MinimumVisualStudioVersion = 10.0.40219.1
Project("{FAE04EC0-301F-11D3-BF4B-00C04F79EFBC}") = "ProjektBD", "ProjektBD\ProjektBD.csproj", "{7F21EE6A-FD10-48F0-8B9D-912344F7BAAD}"
EndProject
Global
	GlobalSection(SolutionConfigurationPlatforms) = preSolution
		Debug|Any CPU = Debug|Any CPU
		Release|Any CPU = Release|Any CPU
	EndGlobalSection
	GlobalSection(ProjectConfigurationPlatforms) = postSolution
		{7F21EE6A-FD10-48F0-8B9D-912344F7BAAD}.Debug|Any CPU.ActiveCfg = Debug|Any CPU
		{7F21EE6A-FD10-48F0-8B9D-912344F7BAAD}.Debug|Any CPU.Build.0 = Debug|Any CPU
		{7F21EE6A-FD10-48F0-8B9D-912344F7BAAD}.Release|Any CPU.ActiveCfg = Release|Any CPU
		{7F21EE6A-FD10-48F0-8B9D-912344F7BAAD}.Release|Any CPU.Build.0 = Release|Any CPU
	EndGlobalSection
	GlobalSection(SolutionProperties) = preSolution
		HideSolutionNode = FALSE
	EndGlobalSection
	GlobalSection(ExtensibilityGlobals) = postSolution
		SolutionGuid = {A6490227-BE90-4DD9-811D-CD38EFC82E64}
	EndGlobalSection
EndGlobal
